Microsoft Visual Studio Solution File, Format Version 12.00
# Visual Studio Version 17
VisualStudioVersion = 17.5.2.0
MinimumVisualStudioVersion = 10.0.40219.1
Project("{FAE04EC0-301F-11D3-BF4B-00C04F79EFBC}") = "Blackout", "Blackout.csproj", "{ADBA4204-B2E9-7A00-07E0-9ABFEF1408AE}"
EndProject
Global
	GlobalSection(SolutionConfigurationPlatforms) = preSolution
		Debug|Any CPU = Debug|Any CPU
		Release|Any CPU = Release|Any CPU
	EndGlobalSection
	GlobalSection(ProjectConfigurationPlatforms) = postSolution
		{ADBA4204-B2E9-7A00-07E0-9ABFEF1408AE}.Debug|Any CPU.ActiveCfg = Debug|Any CPU
		{ADBA4204-B2E9-7A00-07E0-9ABFEF1408AE}.Debug|Any CPU.Build.0 = Debug|Any CPU
		{ADBA4204-B2E9-7A00-07E0-9ABFEF1408AE}.Release|Any CPU.ActiveCfg = Release|Any CPU
		{ADBA4204-B2E9-7A00-07E0-9ABFEF1408AE}.Release|Any CPU.Build.0 = Release|Any CPU
	EndGlobalSection
	GlobalSection(SolutionProperties) = preSolution
		HideSolutionNode = FALSE
	EndGlobalSection
	GlobalSection(ExtensibilityGlobals) = postSolution
		SolutionGuid = {F976F60F-D01C-43F7-A3E2-18ABAD8BD4B3}
	EndGlobalSection
EndGlobal
